
Microsoft Visual Studio Solution File, Format Version 12.00
# Visual Studio 14
VisualStudioVersion = 14.0.24720.0
MinimumVisualStudioVersion = 10.0.40219.1
Project("{FAE04EC0-301F-11D3-BF4B-00C04F79EFBC}") = "Aultcare", "Aultcare\Aultcare.csproj", "{930EED8C-119F-48CA-9166-FF921C01C490}"
EndProject
Global
	GlobalSection(SolutionConfigurationPlatforms) = preSolution
		Debug|Any CPU = Debug|Any CPU
		Release|Any CPU = Release|Any CPU
	EndGlobalSection
	GlobalSection(ProjectConfigurationPlatforms) = postSolution
		{930EED8C-119F-48CA-9166-FF921C01C490}.Debug|Any CPU.ActiveCfg = Debug|Any CPU
		{930EED8C-119F-48CA-9166-FF921C01C490}.Debug|Any CPU.Build.0 = Debug|Any CPU
		{930EED8C-119F-48CA-9166-FF921C01C490}.Release|Any CPU.ActiveCfg = Release|Any CPU
		{930EED8C-119F-48CA-9166-FF921C01C490}.Release|Any CPU.Build.0 = Release|Any CPU
	EndGlobalSection
	GlobalSection(SolutionProperties) = preSolution
		HideSolutionNode = FALSE
	EndGlobalSection
EndGlobal
